
Microsoft Visual Studio Solution File, Format Version 12.00
# Visual Studio Version 17
VisualStudioVersion = 17.6.33815.320
MinimumVisualStudioVersion = 10.0.40219.1
Project("{FAE04EC0-301F-11D3-BF4B-00C04F79EFBC}") = "test", "test\test.csproj", "{F63BE752-61F2-4CF5-A572-3E679708D509}"
EndProject
Global
	GlobalSection(SolutionConfigurationPlatforms) = preSolution
		Debug|Any CPU = Debug|Any CPU
		Release|Any CPU = Release|Any CPU
	EndGlobalSection
	GlobalSection(ProjectConfigurationPlatforms) = postSolution
		{F63BE752-61F2-4CF5-A572-3E679708D509}.Debug|Any CPU.ActiveCfg = Debug|Any CPU
		{F63BE752-61F2-4CF5-A572-3E679708D509}.Debug|Any CPU.Build.0 = Debug|Any CPU
		{F63BE752-61F2-4CF5-A572-3E679708D509}.Release|Any CPU.ActiveCfg = Release|Any CPU
		{F63BE752-61F2-4CF5-A572-3E679708D509}.Release|Any CPU.Build.0 = Release|Any CPU
	EndGlobalSection
	GlobalSection(SolutionProperties) = preSolution
		HideSolutionNode = FALSE
	EndGlobalSection
	GlobalSection(ExtensibilityGlobals) = postSolution
		SolutionGuid = {3720F538-A33B-4300-ACF4-3F4EA3EE7E4A}
	EndGlobalSection
EndGlobal
